
Microsoft Visual Studio Solution File, Format Version 12.00
# Visual Studio Version 17
VisualStudioVersion = 17.6.33723.286
MinimumVisualStudioVersion = 10.0.40219.1
Project("{FAE04EC0-301F-11D3-BF4B-00C04F79EFBC}") = "WeatherView", "WeatherView\WeatherView.csproj", "{DCBBFDAA-D04B-4C67-A2A1-1DB7F09DE8B9}"
EndProject
Project("{D954291E-2A0B-460D-934E-DC6B0785DB48}") = "SharedStuff", "SharedStuff\SharedStuff.shproj", "{3CF08C20-DE39-4D33-B948-F4A0F5EE391C}"
EndProject
Project("{FAE04EC0-301F-11D3-BF4B-00C04F79EFBC}") = "Stormglass", "Stormglass\Stormglass.csproj", "{D311C724-87DB-4800-B212-B3D98CF809EA}"
EndProject
Project("{FAE04EC0-301F-11D3-BF4B-00C04F79EFBC}") = "JSONReadTest", "JSONReadTest\JSONReadTest.csproj", "{EEA97098-3CCE-4BE3-A9EB-4056D2D15FC0}"
EndProject
Global
	GlobalSection(SolutionConfigurationPlatforms) = preSolution
		Debug|Any CPU = Debug|Any CPU
		Release|Any CPU = Release|Any CPU
	EndGlobalSection
	GlobalSection(ProjectConfigurationPlatforms) = postSolution
		{DCBBFDAA-D04B-4C67-A2A1-1DB7F09DE8B9}.Debug|Any CPU.ActiveCfg = Debug|Any CPU
		{DCBBFDAA-D04B-4C67-A2A1-1DB7F09DE8B9}.Debug|Any CPU.Build.0 = Debug|Any CPU
		{DCBBFDAA-D04B-4C67-A2A1-1DB7F09DE8B9}.Release|Any CPU.ActiveCfg = Release|Any CPU
		{DCBBFDAA-D04B-4C67-A2A1-1DB7F09DE8B9}.Release|Any CPU.Build.0 = Release|Any CPU
		{D311C724-87DB-4800-B212-B3D98CF809EA}.Debug|Any CPU.ActiveCfg = Debug|Any CPU
		{D311C724-87DB-4800-B212-B3D98CF809EA}.Debug|Any CPU.Build.0 = Debug|Any CPU
		{D311C724-87DB-4800-B212-B3D98CF809EA}.Release|Any CPU.ActiveCfg = Release|Any CPU
		{D311C724-87DB-4800-B212-B3D98CF809EA}.Release|Any CPU.Build.0 = Release|Any CPU
		{EEA97098-3CCE-4BE3-A9EB-4056D2D15FC0}.Debug|Any CPU.ActiveCfg = Debug|Any CPU
		{EEA97098-3CCE-4BE3-A9EB-4056D2D15FC0}.Debug|Any CPU.Build.0 = Debug|Any CPU
		{EEA97098-3CCE-4BE3-A9EB-4056D2D15FC0}.Release|Any CPU.ActiveCfg = Release|Any CPU
		{EEA97098-3CCE-4BE3-A9EB-4056D2D15FC0}.Release|Any CPU.Build.0 = Release|Any CPU
	EndGlobalSection
	GlobalSection(SolutionProperties) = preSolution
		HideSolutionNode = FALSE
	EndGlobalSection
	GlobalSection(ExtensibilityGlobals) = postSolution
		SolutionGuid = {F01A249B-EB1F-4497-820A-43D992246679}
	EndGlobalSection
	GlobalSection(SharedMSBuildProjectFiles) = preSolution
		SharedStuff\SharedStuff.projitems*{3cf08c20-de39-4d33-b948-f4a0f5ee391c}*SharedItemsImports = 13
		SharedStuff\SharedStuff.projitems*{dcbbfdaa-d04b-4c67-a2a1-1db7f09de8b9}*SharedItemsImports = 5
	EndGlobalSection
EndGlobal
